
Microsoft Visual Studio Solution File, Format Version 12.00
# Visual Studio 15
VisualStudioVersion = 15.0.28307.136
MinimumVisualStudioVersion = 10.0.40219.1
Project("{8BC9CEB8-8B4A-11D0-8D11-00A0C91BC942}") = "FirstUniqChar", "FirstUniqChar\FirstUniqChar.vcxproj", "{555F1D9E-8379-48DD-9F5F-C79FCA0423D6}"
EndProject
Global
	GlobalSection(SolutionConfigurationPlatforms) = preSolution
		Debug|x64 = Debug|x64
		Debug|x86 = Debug|x86
		Release|x64 = Release|x64
		Release|x86 = Release|x86
	EndGlobalSection
	GlobalSection(ProjectConfigurationPlatforms) = postSolution
		{555F1D9E-8379-48DD-9F5F-C79FCA0423D6}.Debug|x64.ActiveCfg = Debug|x64
		{555F1D9E-8379-48DD-9F5F-C79FCA0423D6}.Debug|x64.Build.0 = Debug|x64
		{555F1D9E-8379-48DD-9F5F-C79FCA0423D6}.Debug|x86.ActiveCfg = Debug|Win32
		{555F1D9E-8379-48DD-9F5F-C79FCA0423D6}.Debug|x86.Build.0 = Debug|Win32
		{555F1D9E-8379-48DD-9F5F-C79FCA0423D6}.Release|x64.ActiveCfg = Release|x64
		{555F1D9E-8379-48DD-9F5F-C79FCA0423D6}.Release|x64.Build.0 = Release|x64
		{555F1D9E-8379-48DD-9F5F-C79FCA0423D6}.Release|x86.ActiveCfg = Release|Win32
		{555F1D9E-8379-48DD-9F5F-C79FCA0423D6}.Release|x86.Build.0 = Release|Win32
	EndGlobalSection
	GlobalSection(SolutionProperties) = preSolution
		HideSolutionNode = FALSE
	EndGlobalSection
	GlobalSection(ExtensibilityGlobals) = postSolution
		SolutionGuid = {0E7383F0-B55E-4029-A6C5-AAD384FFE96B}
	EndGlobalSection
EndGlobal
