
Microsoft Visual Studio Solution File, Format Version 12.00
# Visual Studio 15
VisualStudioVersion = 15.0.28307.136
MinimumVisualStudioVersion = 10.0.40219.1
Project("{8BC9CEB8-8B4A-11D0-8D11-00A0C91BC942}") = "MinStack", "MinStack\MinStack.vcxproj", "{87B0EA66-E1C6-45C6-A24C-A7706FCE0CEA}"
EndProject
Global
	GlobalSection(SolutionConfigurationPlatforms) = preSolution
		Debug|x64 = Debug|x64
		Debug|x86 = Debug|x86
		Release|x64 = Release|x64
		Release|x86 = Release|x86
	EndGlobalSection
	GlobalSection(ProjectConfigurationPlatforms) = postSolution
		{87B0EA66-E1C6-45C6-A24C-A7706FCE0CEA}.Debug|x64.ActiveCfg = Debug|x64
		{87B0EA66-E1C6-45C6-A24C-A7706FCE0CEA}.Debug|x64.Build.0 = Debug|x64
		{87B0EA66-E1C6-45C6-A24C-A7706FCE0CEA}.Debug|x86.ActiveCfg = Debug|Win32
		{87B0EA66-E1C6-45C6-A24C-A7706FCE0CEA}.Debug|x86.Build.0 = Debug|Win32
		{87B0EA66-E1C6-45C6-A24C-A7706FCE0CEA}.Release|x64.ActiveCfg = Release|x64
		{87B0EA66-E1C6-45C6-A24C-A7706FCE0CEA}.Release|x64.Build.0 = Release|x64
		{87B0EA66-E1C6-45C6-A24C-A7706FCE0CEA}.Release|x86.ActiveCfg = Release|Win32
		{87B0EA66-E1C6-45C6-A24C-A7706FCE0CEA}.Release|x86.Build.0 = Release|Win32
	EndGlobalSection
	GlobalSection(SolutionProperties) = preSolution
		HideSolutionNode = FALSE
	EndGlobalSection
	GlobalSection(ExtensibilityGlobals) = postSolution
		SolutionGuid = {5B92AD73-1DFF-4BB0-B83A-EB04BD0B6342}
	EndGlobalSection
EndGlobal
