
Microsoft Visual Studio Solution File, Format Version 12.00
# Visual Studio 15
VisualStudioVersion = 15.0.28307.136
MinimumVisualStudioVersion = 10.0.40219.1
Project("{8BC9CEB8-8B4A-11D0-8D11-00A0C91BC942}") = "FindPath", "FindPath\FindPath.vcxproj", "{5EE2EC62-FA38-42E2-9E90-738CA81A3A30}"
EndProject
Global
	GlobalSection(SolutionConfigurationPlatforms) = preSolution
		Debug|x64 = Debug|x64
		Debug|x86 = Debug|x86
		Release|x64 = Release|x64
		Release|x86 = Release|x86
	EndGlobalSection
	GlobalSection(ProjectConfigurationPlatforms) = postSolution
		{5EE2EC62-FA38-42E2-9E90-738CA81A3A30}.Debug|x64.ActiveCfg = Debug|x64
		{5EE2EC62-FA38-42E2-9E90-738CA81A3A30}.Debug|x64.Build.0 = Debug|x64
		{5EE2EC62-FA38-42E2-9E90-738CA81A3A30}.Debug|x86.ActiveCfg = Debug|Win32
		{5EE2EC62-FA38-42E2-9E90-738CA81A3A30}.Debug|x86.Build.0 = Debug|Win32
		{5EE2EC62-FA38-42E2-9E90-738CA81A3A30}.Release|x64.ActiveCfg = Release|x64
		{5EE2EC62-FA38-42E2-9E90-738CA81A3A30}.Release|x64.Build.0 = Release|x64
		{5EE2EC62-FA38-42E2-9E90-738CA81A3A30}.Release|x86.ActiveCfg = Release|Win32
		{5EE2EC62-FA38-42E2-9E90-738CA81A3A30}.Release|x86.Build.0 = Release|Win32
	EndGlobalSection
	GlobalSection(SolutionProperties) = preSolution
		HideSolutionNode = FALSE
	EndGlobalSection
	GlobalSection(ExtensibilityGlobals) = postSolution
		SolutionGuid = {C7942B6E-D741-4B89-BE7A-8AF501BF833A}
	EndGlobalSection
EndGlobal
