
Microsoft Visual Studio Solution File, Format Version 12.00
# Visual Studio 15
VisualStudioVersion = 15.0.28307.136
MinimumVisualStudioVersion = 10.0.40219.1
Project("{8BC9CEB8-8B4A-11D0-8D11-00A0C91BC942}") = "MergeS", "MergeS\MergeS.vcxproj", "{63EBC1B0-59BE-4993-A892-10BEC05B2EC2}"
EndProject
Global
	GlobalSection(SolutionConfigurationPlatforms) = preSolution
		Debug|x64 = Debug|x64
		Debug|x86 = Debug|x86
		Release|x64 = Release|x64
		Release|x86 = Release|x86
	EndGlobalSection
	GlobalSection(ProjectConfigurationPlatforms) = postSolution
		{63EBC1B0-59BE-4993-A892-10BEC05B2EC2}.Debug|x64.ActiveCfg = Debug|x64
		{63EBC1B0-59BE-4993-A892-10BEC05B2EC2}.Debug|x64.Build.0 = Debug|x64
		{63EBC1B0-59BE-4993-A892-10BEC05B2EC2}.Debug|x86.ActiveCfg = Debug|Win32
		{63EBC1B0-59BE-4993-A892-10BEC05B2EC2}.Debug|x86.Build.0 = Debug|Win32
		{63EBC1B0-59BE-4993-A892-10BEC05B2EC2}.Release|x64.ActiveCfg = Release|x64
		{63EBC1B0-59BE-4993-A892-10BEC05B2EC2}.Release|x64.Build.0 = Release|x64
		{63EBC1B0-59BE-4993-A892-10BEC05B2EC2}.Release|x86.ActiveCfg = Release|Win32
		{63EBC1B0-59BE-4993-A892-10BEC05B2EC2}.Release|x86.Build.0 = Release|Win32
	EndGlobalSection
	GlobalSection(SolutionProperties) = preSolution
		HideSolutionNode = FALSE
	EndGlobalSection
	GlobalSection(ExtensibilityGlobals) = postSolution
		SolutionGuid = {CFE3D934-804F-4391-B6F5-22D4FC7779A8}
	EndGlobalSection
EndGlobal
