
Microsoft Visual Studio Solution File, Format Version 12.00
# Visual Studio 15
VisualStudioVersion = 15.0.28307.136
MinimumVisualStudioVersion = 10.0.40219.1
Project("{8BC9CEB8-8B4A-11D0-8D11-00A0C91BC942}") = "最大乘积", "最大乘积\最大乘积.vcxproj", "{F07FC969-7376-40B6-AE9E-59218FA43124}"
EndProject
Global
	GlobalSection(SolutionConfigurationPlatforms) = preSolution
		Debug|x64 = Debug|x64
		Debug|x86 = Debug|x86
		Release|x64 = Release|x64
		Release|x86 = Release|x86
	EndGlobalSection
	GlobalSection(ProjectConfigurationPlatforms) = postSolution
		{F07FC969-7376-40B6-AE9E-59218FA43124}.Debug|x64.ActiveCfg = Debug|x64
		{F07FC969-7376-40B6-AE9E-59218FA43124}.Debug|x64.Build.0 = Debug|x64
		{F07FC969-7376-40B6-AE9E-59218FA43124}.Debug|x86.ActiveCfg = Debug|Win32
		{F07FC969-7376-40B6-AE9E-59218FA43124}.Debug|x86.Build.0 = Debug|Win32
		{F07FC969-7376-40B6-AE9E-59218FA43124}.Release|x64.ActiveCfg = Release|x64
		{F07FC969-7376-40B6-AE9E-59218FA43124}.Release|x64.Build.0 = Release|x64
		{F07FC969-7376-40B6-AE9E-59218FA43124}.Release|x86.ActiveCfg = Release|Win32
		{F07FC969-7376-40B6-AE9E-59218FA43124}.Release|x86.Build.0 = Release|Win32
	EndGlobalSection
	GlobalSection(SolutionProperties) = preSolution
		HideSolutionNode = FALSE
	EndGlobalSection
	GlobalSection(ExtensibilityGlobals) = postSolution
		SolutionGuid = {F14F0DCB-5CC3-4FFA-A1D6-888130B3AEB9}
	EndGlobalSection
EndGlobal
