
Microsoft Visual Studio Solution File, Format Version 12.00
# Visual Studio 15
VisualStudioVersion = 15.0.28307.136
MinimumVisualStudioVersion = 10.0.40219.1
Project("{8BC9CEB8-8B4A-11D0-8D11-00A0C91BC942}") = "cplusplus杨辉三角", "cplusplus杨辉三角\cplusplus杨辉三角.vcxproj", "{ED22C3A4-417F-45B0-A81B-752699A4ED5B}"
EndProject
Global
	GlobalSection(SolutionConfigurationPlatforms) = preSolution
		Debug|x64 = Debug|x64
		Debug|x86 = Debug|x86
		Release|x64 = Release|x64
		Release|x86 = Release|x86
	EndGlobalSection
	GlobalSection(ProjectConfigurationPlatforms) = postSolution
		{ED22C3A4-417F-45B0-A81B-752699A4ED5B}.Debug|x64.ActiveCfg = Debug|x64
		{ED22C3A4-417F-45B0-A81B-752699A4ED5B}.Debug|x64.Build.0 = Debug|x64
		{ED22C3A4-417F-45B0-A81B-752699A4ED5B}.Debug|x86.ActiveCfg = Debug|Win32
		{ED22C3A4-417F-45B0-A81B-752699A4ED5B}.Debug|x86.Build.0 = Debug|Win32
		{ED22C3A4-417F-45B0-A81B-752699A4ED5B}.Release|x64.ActiveCfg = Release|x64
		{ED22C3A4-417F-45B0-A81B-752699A4ED5B}.Release|x64.Build.0 = Release|x64
		{ED22C3A4-417F-45B0-A81B-752699A4ED5B}.Release|x86.ActiveCfg = Release|Win32
		{ED22C3A4-417F-45B0-A81B-752699A4ED5B}.Release|x86.Build.0 = Release|Win32
	EndGlobalSection
	GlobalSection(SolutionProperties) = preSolution
		HideSolutionNode = FALSE
	EndGlobalSection
	GlobalSection(ExtensibilityGlobals) = postSolution
		SolutionGuid = {19405ED7-7A27-4388-9963-3D9AE99A6C78}
	EndGlobalSection
EndGlobal
